
Microsoft Visual Studio Solution File, Format Version 12.00
# Visual Studio Version 17
VisualStudioVersion = 17.7.34031.279
MinimumVisualStudioVersion = 10.0.40219.1
Project("{8BC9CEB8-8B4A-11D0-8D11-00A0C91BC942}") = "Ex3-7", "Ex3-7.vcxproj", "{AC1EBC92-CBB5-46AC-B73A-B878C9260AF8}"
EndProject
Global
	GlobalSection(SolutionConfigurationPlatforms) = preSolution
		Debug|x64 = Debug|x64
		Debug|x86 = Debug|x86
		Release|x64 = Release|x64
		Release|x86 = Release|x86
	EndGlobalSection
	GlobalSection(ProjectConfigurationPlatforms) = postSolution
		{AC1EBC92-CBB5-46AC-B73A-B878C9260AF8}.Debug|x64.ActiveCfg = Debug|x64
		{AC1EBC92-CBB5-46AC-B73A-B878C9260AF8}.Debug|x64.Build.0 = Debug|x64
		{AC1EBC92-CBB5-46AC-B73A-B878C9260AF8}.Debug|x86.ActiveCfg = Debug|Win32
		{AC1EBC92-CBB5-46AC-B73A-B878C9260AF8}.Debug|x86.Build.0 = Debug|Win32
		{AC1EBC92-CBB5-46AC-B73A-B878C9260AF8}.Release|x64.ActiveCfg = Release|x64
		{AC1EBC92-CBB5-46AC-B73A-B878C9260AF8}.Release|x64.Build.0 = Release|x64
		{AC1EBC92-CBB5-46AC-B73A-B878C9260AF8}.Release|x86.ActiveCfg = Release|Win32
		{AC1EBC92-CBB5-46AC-B73A-B878C9260AF8}.Release|x86.Build.0 = Release|Win32
	EndGlobalSection
	GlobalSection(SolutionProperties) = preSolution
		HideSolutionNode = FALSE
	EndGlobalSection
	GlobalSection(ExtensibilityGlobals) = postSolution
		SolutionGuid = {11BBA770-9072-4486-AA49-F5234DE80FD4}
	EndGlobalSection
EndGlobal
